{
  "name": "apple-music-history",
  "version": "0.1.0",
  "lockfileVersion": 3,
  "requires": true,
  "packages": {
    "": {
      "name": "apple-music-history",
      "version": "0.1.0",
      "dependencies": {
        "@sentry/browser": "^4.6.6",
        "@vtex/react-csv-parse": "^3.0.2",
        "@vx/group": "0.0.170",
        "@vx/mock-data": "0.0.179",
        "@vx/scale": "0.0.179",
        "@vx/shape": "0.0.179",
        "bootstrap": "^4.3.1",
        "browserslist": "^4.16.5",
        "caniuse-lite": "^1.0.30001009",
        "chart.js": "^2.9.4",
        "downloadjs": "^1.4.7",
        "html2canvas": "^1.0.0-rc.5",
        "jsonp": "^0.2.1",
        "match-sorter": "^2.3.0",
        "moment": "^2.29.4",
        "moment-timezone": "^0.5.27",
        "numeral": "^2.0.6",
        "react": "^16.11.0",
        "react-calendar-heatmap": "^1.8.1",
        "react-chartjs": "^1.2.0",
        "react-dom": "^16.11.0",
        "react-file-reader": "^1.1.4",
        "react-heatmap-grid": "^0.5.3",
        "react-intl": "^2.9.0",
        "react-intl-formatted-duration": "^2.0.2",
        "react-loader": "^2.4.5",
        "react-moment": "^0.8.4",
        "react-slick": "^0.29.0",
        "react-table": "^6.10.3",
        "react-tooltip": "^3.11.1",
        "reactstrap": "^6.5.0"
      }
    },
    "node_modules/@sentry/browser": {
      "version": "4.6.6",
      "resolved": "https://registry.npmjs.org/@sentry/browser/-/browser-4.6.6.tgz",
      "integrity": "sha512-+9VsQ+oQYU+PYlLJG2ex7JCMSVQbnUvWPI2uZOofWdI9sWIPUub3boWItMzRQNQ1T4S3FZd4FqAWNFd3azdnBw==",
      "dependencies": {
        "@sentry/core": "4.6.6",
        "@sentry/types": "4.5.3",
        "@sentry/utils": "4.6.5",
        "tslib": "^1.9.3"
      },
      "engines": {
        "node": ">=6"
      }
    },
    "node_modules/@sentry/core": {
      "version": "4.6.6",
      "resolved": "https://registry.npmjs.org/@sentry/core/-/core-4.6.6.tgz",
      "integrity": "sha512-7z9HKLTNr3zVBR3tBRheTxkkkuK2IqISUc5Iyo3crN2OecOLtpptT96f5XjLndBEL2ab39eCBPpA5OFjbpzrIA==",
      "dependencies": {
        "@sentry/hub": "4.6.5",
        "@sentry/minimal": "4.6.5",
        "@sentry/types": "4.5.3",
        "@sentry/utils": "4.6.5",
        "tslib": "^1.9.3"
      },
      "engines": {
        "node": ">=6"
      }
    },
    "node_modules/@sentry/hub": {
      "version": "4.6.5",
      "resolved": "https://registry.npmjs.org/@sentry/hub/-/hub-4.6.5.tgz",
      "integrity": "sha512-v9vee8s8C1fK/DPtNOzv6r+AMbPDOWfnasouNcBUkbQUSN5wUNyCDvt51QbWaw5kMMY5TSqjdVqY6gXQZI0APQ==",
      "dependencies": {
        "@sentry/types": "4.5.3",
        "@sentry/utils": "4.6.5",
        "tslib": "^1.9.3"
      },
      "engines": {
        "node": ">=6"
      }
    },
    "node_modules/@sentry/minimal": {
      "version": "4.6.5",
      "resolved": "https://registry.npmjs.org/@sentry/minimal/-/minimal-4.6.5.tgz",
      "integrity": "sha512-tf+J+uUNmSgzC7d9JSN8Ekw1HeBAX87Efa/jyFbzLvaw80oibvTiLSLqDjQ9PgvyIzBUuuPImkS2NpvPQGWFtg==",
      "dependencies": {
        "@sentry/hub": "4.6.5",
        "@sentry/types": "4.5.3",
        "tslib": "^1.9.3"
      },
      "engines": {
        "node": ">=6"
      }
    },
    "node_modules/@sentry/types": {
      "version": "4.5.3",
      "resolved": "https://registry.npmjs.org/@sentry/types/-/types-4.5.3.tgz",
      "integrity": "sha512-7ll1PAFNjrBNX9rzy3P2qAQrpQwHaDO3uKj735qsnGw34OtAS8Xr8WYrjI14f9fMPa/XIeWvMPb4GMic28V/ag==",
      "engines": {
        "node": ">=6"
      }
    },
    "node_modules/@sentry/utils": {
      "version": "4.6.5",
      "resolved": "https://registry.npmjs.org/@sentry/utils/-/utils-4.6.5.tgz",
      "integrity": "sha512-rTISJtRRbWsd3UE+TkA3QG1C0VzPKPW8w74tieBwYhtTCGmOHNwz2nDC/MZGbGj4OgDmNKKl4CCyQr88EX08hA==",
      "dependencies": {
        "@sentry/types": "4.5.3",
        "tslib": "^1.9.3"
      },
      "engines": {
        "node": ">=6"
      }
    },
    "node_modules/@vtex/react-csv-parse": {
      "version": "3.0.2",
      "resolved": "https://registry.npmjs.org/@vtex/react-csv-parse/-/react-csv-parse-3.0.2.tgz",
      "integrity": "sha512-eVV22M+FoQKeLGYtQGYcgc62gjJdE4LBCXevSiuSEeOFf/1c6koz/E5QEJFf//+iDBrN7zqEcOHozkDtEd5Bcg==",
      "dependencies": {
        "papaparse": "^4.5.0",
        "ramda": "^0.25.0"
      },
      "peerDependencies": {
        "react": "15.x"
      }
    },
    "node_modules/@vx/curve": {
      "version": "0.0.165",
      "resolved": "https://registry.npmjs.org/@vx/curve/-/curve-0.0.165.tgz",
      "integrity": "sha512-fiQAGrKNGjJbL+eixUckJqIZDWXH/1NtIyyDbSz3J7ksk0QpYr5BgWcNJN76HLNt7wfcLwNzCHeNs4iVYyFGTg==",
      "dependencies": {
        "d3-shape": "^1.0.6"
      }
    },
    "node_modules/@vx/group": {
      "version": "0.0.170",
      "resolved": "https://registry.npmjs.org/@vx/group/-/group-0.0.170.tgz",
      "integrity": "sha512-RnDdRoy0YI5hokk+YWXc8t39Kp51i4BdCpiwkDJU4YypGycTYnDFjicam6jigUmZ/6wyMirDf/aQboWviFLt2Q==",
      "dependencies": {
        "classnames": "^2.2.5"
      },
      "peerDependencies": {
        "react": "^15.0.0-0 || ^16.0.0-0"
      }
    },
    "node_modules/@vx/mock-data": {
      "version": "0.0.179",
      "resolved": "https://registry.npmjs.org/@vx/mock-data/-/mock-data-0.0.179.tgz",
      "integrity": "sha512-+qoGCJjqeYifQi/wfRU+0DcTwZe51zZEbrfVfxCNdPWcmaMn6iTaGDIMHiQ/SgN1iSYHFMvaHFLWC2o5PHZPrw==",
      "dependencies": {
        "d3-random": "^1.0.3"
      }
    },
    "node_modules/@vx/point": {
      "version": "0.0.165",
      "resolved": "https://registry.npmjs.org/@vx/point/-/point-0.0.165.tgz",
      "integrity": "sha512-spoHilhjcWNgccrSzBUPw+PXV81tYxeyEWBkgr35aGVU4m7YT86Ywvfemwp7AVVGPn+XJHrhB0ujAhDoyqFPoA=="
    },
    "node_modules/@vx/scale": {
      "version": "0.0.179",
      "resolved": "https://registry.npmjs.org/@vx/scale/-/scale-0.0.179.tgz",
      "integrity": "sha512-j40WiGu4VcHZdaSQAl12ig2w5c4Q9EVn7qqYf9PX7uoS5PbxRYNnHeKZ7e5Bf8O6b57iv5jFTfUV7HkpNF4vvg==",
      "dependencies": {
        "d3-scale": "^2.0.0"
      }
    },
    "node_modules/@vx/shape": {
      "version": "0.0.179",
      "resolved": "https://registry.npmjs.org/@vx/shape/-/shape-0.0.179.tgz",
      "integrity": "sha512-YHVNx4xGpbjolkW3Lb5pEgJB0+u349vfnLI976DJlinY0hRNa4TZbWXOB4ywLIrYzQEXXPMUR8WtdubNxg6g0w==",
      "dependencies": {
        "@vx/curve": "0.0.165",
        "@vx/group": "0.0.170",
        "@vx/point": "0.0.165",
        "classnames": "^2.2.5",
        "d3-path": "^1.0.5",
        "d3-shape": "^1.2.0",
        "prop-types": "^15.5.10"
      },
      "peerDependencies": {
        "react": "^15.0.0-0 || ^16.0.0-0"
      }
    },
    "node_modules/base64-arraybuffer": {
      "version": "0.2.0",
      "resolved": "https://registry.npmjs.org/base64-arraybuffer/-/base64-arraybuffer-0.2.0.tgz",
      "integrity": "sha512-7emyCsu1/xiBXgQZrscw/8KPRT44I4Yq9Pe6EGs3aPRTsWuggML1/1DTuZUuIaJPIm1FTDUVXl4x/yW8s0kQDQ==",
      "engines": {
        "node": ">= 0.6.0"
      }
    },
    "node_modules/bootstrap": {
      "version": "4.3.1",
      "resolved": "https://registry.npmjs.org/bootstrap/-/bootstrap-4.3.1.tgz",
      "integrity": "sha512-rXqOmH1VilAt2DyPzluTi2blhk17bO7ef+zLLPlWvG494pDxcM234pJ8wTc/6R40UWizAIIMgxjvxZg5kmsbag==",
      "deprecated": "This version of Bootstrap is no longer supported. Please upgrade to the latest version.",
      "engines": {
        "node": ">=6"
      },
      "peerDependencies": {
        "jquery": "1.9.1 - 3",
        "popper.js": "^1.14.7"
      }
    },
    "node_modules/browserslist": {
      "version": "4.16.5",
      "resolved": "https://registry.npmjs.org/browserslist/-/browserslist-4.16.5.tgz",
      "integrity": "sha512-C2HAjrM1AI/djrpAUU/tr4pml1DqLIzJKSLDBXBrNErl9ZCCTXdhwxdJjYc16953+mBWf7Lw+uUJgpgb8cN71A==",
      "dependencies": {
        "caniuse-lite": "^1.0.30001214",
        "colorette": "^1.2.2",
        "electron-to-chromium": "^1.3.719",
        "escalade": "^3.1.1",
        "node-releases": "^1.1.71"
      },
      "bin": {
        "browserslist": "cli.js"
      },
      "engines": {
        "node": "^6 || ^7 || ^8 || ^9 || ^10 || ^11 || ^12 || >=13.7"
      },
      "funding": {
        "type": "opencollective",
        "url": "https://opencollective.com/browserslist"
      }
    },
    "node_modules/browserslist/node_modules/caniuse-lite": {
      "version": "1.0.30001439",
      "resolved": "https://registry.npmjs.org/caniuse-lite/-/caniuse-lite-1.0.30001439.tgz",
      "integrity": "sha512-1MgUzEkoMO6gKfXflStpYgZDlFM7M/ck/bgfVCACO5vnAf0fXoNVHdWtqGU+MYca+4bL9Z5bpOVmR33cWW9G2A==",
      "funding": [
        {
          "type": "opencollective",
          "url": "https://opencollective.com/browserslist"
        },
        {
          "type": "tidelift",
          "url": "https://tidelift.com/funding/github/npm/caniuse-lite"
        }
      ]
    },
    "node_modules/browserslist/node_modules/colorette": {
      "version": "1.4.0",
      "resolved": "https://registry.npmjs.org/colorette/-/colorette-1.4.0.tgz",
      "integrity": "sha512-Y2oEozpomLn7Q3HFP7dpww7AtMJplbM9lGZP6RDfHqmbeRjiwRg4n6VM6j4KLmRke85uWEI7JqF17f3pqdRA0g=="
    },
    "node_modules/browserslist/node_modules/node-releases": {
      "version": "1.1.77",
      "resolved": "https://registry.npmjs.org/node-releases/-/node-releases-1.1.77.tgz",
      "integrity": "sha512-rB1DUFUNAN4Gn9keO2K1efO35IDK7yKHCdCaIMvFO7yUYmmZYeDjnGKle26G4rwj+LKRQpjyUUvMkPglwGCYNQ=="
    },
    "node_modules/caniuse-lite": {
      "version": "1.0.30001009",
      "resolved": "https://registry.npmjs.org/caniuse-lite/-/caniuse-lite-1.0.30001009.tgz",
      "integrity": "sha512-M3rEqHN6SaVjgo4bIik7HsGcWXsi+lI9WA0p51RPMFx5gXfduyOXWJrc0R4xBkSK1pgNf4CNgy5M+6H+WiEP8g=="
    },
    "node_modules/chart.js": {
      "version": "2.9.4",
      "resolved": "http://registry.npmjs.org/chart.js/-/chart.js-2.9.4.tgz",
      "integrity": "sha512-B07aAzxcrikjAPyV+01j7BmOpxtQETxTSlQ26BEYJ+3iUkbNKaOJ/nDbT6JjyqYxseM0ON12COHYdU2cTIjC7A==",
      "dependencies": {
        "chartjs-color": "^2.1.0",
        "moment": "^2.10.2"
      }
    },
    "node_modules/chartjs-color": {
      "version": "2.4.1",
      "resolved": "https://registry.npmjs.org/chartjs-color/-/chartjs-color-2.4.1.tgz",
      "integrity": "sha512-haqOg1+Yebys/Ts/9bLo/BqUcONQOdr/hoEr2LLTRl6C5LXctUdHxsCYfvQVg5JIxITrfCNUDr4ntqmQk9+/0w==",
      "dependencies": {
        "chartjs-color-string": "^0.6.0",
        "color-convert": "^1.9.3"
      }
    },
    "node_modules/chartjs-color-string": {
      "version": "0.6.0",
      "resolved": "https://registry.npmjs.org/chartjs-color-string/-/chartjs-color-string-0.6.0.tgz",
      "integrity": "sha512-TIB5OKn1hPJvO7JcteW4WY/63v6KwEdt6udfnDE9iCAZgy+V4SrbSxoIbTw/xkUIapjEI4ExGtD0+6D3KyFd7A==",
      "dependencies": {
        "color-name": "^1.0.0"
      }
    },
    "node_modules/classnames": {
      "version": "2.2.6",
      "resolved": "https://registry.npmjs.org/classnames/-/classnames-2.2.6.tgz",
      "integrity": "sha512-JR/iSQOSt+LQIWwrwEzJ9uk0xfN3mTVYMwt1Ir5mUcSN6pU+V4zQFFaJsclJbPuAUQH+yfWef6tm7l1quW3C8Q=="
    },
    "node_modules/color-convert": {
      "version": "1.9.3",
      "resolved": "https://registry.npmjs.org/color-convert/-/color-convert-1.9.3.tgz",
      "integrity": "sha512-QfAUtd+vFdAtFQcC8CCyYt1fYWxSqAiK2cSD6zDB8N3cpsEBAvRxp9zOGg6G/SHHJYAT88/az/IuDGALsNVbGg==",
      "dependencies": {
        "color-name": "1.1.3"
      }
    },
    "node_modules/color-name": {
      "version": "1.1.3",
      "resolved": "https://registry.npmjs.org/color-name/-/color-name-1.1.3.tgz",
      "integrity": "sha512-72fSenhMw2HZMTVHeCA9KCmpEIbzWiQsjN+BHcBbS9vr1mtt+vJjPdksIBNUmKAW8TFUDPJK5SUU3QhE9NEXDw=="
    },
    "node_modules/create-react-class": {
      "version": "15.7.0",
      "resolved": "https://registry.npmjs.org/create-react-class/-/create-react-class-15.7.0.tgz",
      "integrity": "sha512-QZv4sFWG9S5RUvkTYWbflxeZX+JG7Cz0Tn33rQBJ+WFQTqTfUTjMjiv9tnfXazjsO5r0KhPs+AqCjyrQX6h2ng==",
      "dependencies": {
        "loose-envify": "^1.3.1",
        "object-assign": "^4.1.1"
      }
    },
    "node_modules/css-line-break": {
      "version": "1.1.1",
      "resolved": "https://registry.npmjs.org/css-line-break/-/css-line-break-1.1.1.tgz",
      "integrity": "sha512-1feNVaM4Fyzdj4mKPIQNL2n70MmuYzAXZ1aytlROFX1JsOo070OsugwGjj7nl6jnDJWHDM8zRZswkmeYVWZJQA==",
      "dependencies": {
        "base64-arraybuffer": "^0.2.0"
      }
    },
    "node_modules/d3-array": {
      "version": "1.2.4",
      "resolved": "https://registry.npmjs.org/d3-array/-/d3-array-1.2.4.tgz",
      "integrity": "sha512-KHW6M86R+FUPYGb3R5XiYjXPq7VzwxZ22buHhAEVG5ztoEcZZMLov530mmccaqA1GghZArjQV46fuc8kUqhhHw=="
    },
    "node_modules/d3-collection": {
      "version": "1.0.7",
      "resolved": "https://registry.npmjs.org/d3-collection/-/d3-collection-1.0.7.tgz",
      "integrity": "sha512-ii0/r5f4sjKNTfh84Di+DpztYwqKhEyUlKoPrzUFfeSkWxjW49xU2QzO9qrPrNkpdI0XJkfzvmTu8V2Zylln6A=="
    },
    "node_modules/d3-color": {
      "version": "1.2.3",
      "resolved": "https://registry.npmjs.org/d3-color/-/d3-color-1.2.3.tgz",
      "integrity": "sha512-x37qq3ChOTLd26hnps36lexMRhNXEtVxZ4B25rL0DVdDsGQIJGB18S7y9XDwlDD6MD/ZBzITCf4JjGMM10TZkw=="
    },
    "node_modules/d3-format": {
      "version": "1.3.2",
      "resolved": "https://registry.npmjs.org/d3-format/-/d3-format-1.3.2.tgz",
      "integrity": "sha512-Z18Dprj96ExragQ0DeGi+SYPQ7pPfRMtUXtsg/ChVIKNBCzjO8XYJvRTC1usblx52lqge56V5ect+frYTQc8WQ=="
    },
    "node_modules/d3-interpolate": {
      "version": "1.3.2",
      "resolved": "https://registry.npmjs.org/d3-interpolate/-/d3-interpolate-1.3.2.tgz",
      "integrity": "sha512-NlNKGopqaz9qM1PXh9gBF1KSCVh+jSFErrSlD/4hybwoNX/gt1d8CDbDW+3i+5UOHhjC6s6nMvRxcuoMVNgL2w==",
      "dependencies": {
        "d3-color": "1"
      }
    },
    "node_modules/d3-path": {
      "version": "1.0.7",
      "resolved": "https://registry.npmjs.org/d3-path/-/d3-path-1.0.7.tgz",
      "integrity": "sha512-q0cW1RpvA5c5ma2rch62mX8AYaiLX0+bdaSM2wxSU9tXjU4DNvkx9qiUvjkuWCj3p22UO/hlPivujqMiR9PDzA=="
    },
    "node_modules/d3-random": {
      "version": "1.1.2",
      "resolved": "https://registry.npmjs.org/d3-random/-/d3-random-1.1.2.tgz",
      "integrity": "sha512-6AK5BNpIFqP+cx/sreKzNjWbwZQCSUatxq+pPRmFIQaWuoD+NrbVWw7YWpHiXpCQ/NanKdtGDuB+VQcZDaEmYQ=="
    },
    "node_modules/d3-scale": {
      "version": "2.1.2",
      "resolved": "https://registry.npmjs.org/d3-scale/-/d3-scale-2.1.2.tgz",
      "integrity": "sha512-bESpd64ylaKzCDzvULcmHKZTlzA/6DGSVwx7QSDj/EnX9cpSevsdiwdHFYI9ouo9tNBbV3v5xztHS2uFeOzh8Q==",
      "dependencies": {
        "d3-array": "^1.2.0",
        "d3-collection": "1",
        "d3-format": "1",
        "d3-interpolate": "1",
        "d3-time": "1",
        "d3-time-format": "2"
      }
    },
    "node_modules/d3-shape": {
      "version": "1.2.2",
      "resolved": "https://registry.npmjs.org/d3-shape/-/d3-shape-1.2.2.tgz",
      "integrity": "sha512-hUGEozlKecFZ2bOSNt7ENex+4Tk9uc/m0TtTEHBvitCBxUNjhzm5hS2GrrVRD/ae4IylSmxGeqX5tWC2rASMlQ==",
      "dependencies": {
        "d3-path": "1"
      }
    },
    "node_modules/d3-time": {
      "version": "1.0.10",
      "resolved": "https://registry.npmjs.org/d3-time/-/d3-time-1.0.10.tgz",
      "integrity": "sha512-hF+NTLCaJHF/JqHN5hE8HVGAXPStEq6/omumPE/SxyHVrR7/qQxusFDo0t0c/44+sCGHthC7yNGFZIEgju0P8g=="
    },
    "node_modules/d3-time-format": {
      "version": "2.1.3",
      "resolved": "https://registry.npmjs.org/d3-time-format/-/d3-time-format-2.1.3.tgz",
      "integrity": "sha512-6k0a2rZryzGm5Ihx+aFMuO1GgelgIz+7HhB4PH4OEndD5q2zGn1mDfRdNrulspOfR6JXkb2sThhDK41CSK85QA==",
      "dependencies": {
        "d3-time": "1"
      }
    },
    "node_modules/dom-helpers": {
      "version": "3.3.1",
      "resolved": "https://registry.npmjs.org/dom-helpers/-/dom-helpers-3.3.1.tgz",
      "integrity": "sha512-2Sm+JaYn74OiTM2wHvxJOo3roiq/h25Yi69Fqk269cNUwIXsCvATB6CRSFC9Am/20G2b28hGv/+7NiWydIrPvg=="
    },
    "node_modules/downloadjs": {
      "version": "1.4.7",
      "resolved": "https://registry.npmjs.org/downloadjs/-/downloadjs-1.4.7.tgz",
      "integrity": "sha1-9p+W+UDg0FU9rCkROYZaPNAQHjw="
    },
    "node_modules/electron-to-chromium": {
      "version": "1.4.284",
      "resolved": "https://registry.npmjs.org/electron-to-chromium/-/electron-to-chromium-1.4.284.tgz",
      "integrity": "sha512-M8WEXFuKXMYMVr45fo8mq0wUrrJHheiKZf6BArTKk9ZBYCKJEOU5H8cdWgDT+qCVZf7Na4lVUaZsA+h6uA9+PA=="
    },
    "node_modules/enquire.js": {
      "version": "2.1.6",
      "resolved": "https://registry.npmjs.org/enquire.js/-/enquire.js-2.1.6.tgz",
      "integrity": "sha512-/KujNpO+PT63F7Hlpu4h3pE3TokKRHN26JYmQpPyjkRD/N57R7bPDNojMXdi7uveAKjYB7yQnartCxZnFWr0Xw=="
    },
    "node_modules/escalade": {
      "version": "3.1.1",
      "resolved": "https://registry.npmjs.org/escalade/-/escalade-3.1.1.tgz",
      "integrity": "sha512-k0er2gUkLf8O0zKJiAhmkTnJlTvINGv7ygDNPbeIsX/TJjGJZHuh9B2UxbsaEkmlEo9MfhrSzmhIlhRlI2GXnw==",
      "engines": {
        "node": ">=6"
      }
    },
    "node_modules/hoist-non-react-statics": {
      "version": "3.3.0",
      "resolved": "https://registry.npmjs.org/hoist-non-react-statics/-/hoist-non-react-statics-3.3.0.tgz",
      "integrity": "sha512-0XsbTXxgiaCDYDIWFcwkmerZPSwywfUqYmwT4jzewKTQSWoE6FCMoUVOeBJWK3E/CrWbxRG3m5GzY4lnIwGRBA==",
      "dependencies": {
        "react-is": "^16.7.0"
      }
    },
    "node_modules/html2canvas": {
      "version": "1.0.0-rc.5",
      "resolved": "https://registry.npmjs.org/html2canvas/-/html2canvas-1.0.0-rc.5.tgz",
      "integrity": "sha512-DtNqPxJNXPoTajs+lVQzGS1SULRI4GQaROeU5R41xH8acffHukxRh/NBVcTBsfCkJSkLq91rih5TpbEwUP9yWA==",
      "dependencies": {
        "css-line-break": "1.1.1"
      },
      "engines": {
        "node": ">=8.0.0"
      }
    },
    "node_modules/intl-format-cache": {
      "version": "2.2.9",
      "resolved": "https://registry.npmjs.org/intl-format-cache/-/intl-format-cache-2.2.9.tgz",
      "integrity": "sha512-Zv/u8wRpekckv0cLkwpVdABYST4hZNTDaX7reFetrYTJwxExR2VyTqQm+l0WmL0Qo8Mjb9Tf33qnfj0T7pjxdQ=="
    },
    "node_modules/intl-messageformat": {
      "version": "2.2.0",
      "resolved": "https://registry.npmjs.org/intl-messageformat/-/intl-messageformat-2.2.0.tgz",
      "integrity": "sha1-NFvNRt5jC3aDMwwuUhd/9eq0hPw=",
      "dependencies": {
        "intl-messageformat-parser": "1.4.0"
      }
    },
    "node_modules/intl-messageformat-parser": {
      "version": "1.4.0",
      "resolved": "https://registry.npmjs.org/intl-messageformat-parser/-/intl-messageformat-parser-1.4.0.tgz",
      "integrity": "sha1-tD1FqXRoytvkQzHXS7Ho3qRPwHU=",
      "deprecated": "We've written a new parser that's 6x faster and is backwards compatible. Please use @formatjs/icu-messageformat-parser"
    },
    "node_modules/intl-relativeformat": {
      "version": "2.2.0",
      "resolved": "https://registry.npmjs.org/intl-relativeformat/-/intl-relativeformat-2.2.0.tgz",
      "integrity": "sha512-4bV/7kSKaPEmu6ArxXf9xjv1ny74Zkwuey8Pm01NH4zggPP7JHwg2STk8Y3JdspCKRDriwIyLRfEXnj2ZLr4Bw==",
      "deprecated": "This package has been deprecated, please see migration guide at 'https://github.com/formatjs/formatjs/tree/master/packages/intl-relativeformat#migration-guide'",
      "dependencies": {
        "intl-messageformat": "^2.0.0"
      }
    },
    "node_modules/invariant": {
      "version": "2.2.4",
      "resolved": "https://registry.npmjs.org/invariant/-/invariant-2.2.4.tgz",
      "integrity": "sha512-phJfQVBuaJM5raOpJjSfkiD6BpbCE4Ns//LaXl6wGYtUBY83nWS6Rf9tXm2e8VaK60JEjYldbPif/A2B1C2gNA==",
      "dependencies": {
        "loose-envify": "^1.0.0"
      }
    },
    "node_modules/js-tokens": {
      "version": "4.0.0",
      "resolved": "https://registry.npmjs.org/js-tokens/-/js-tokens-4.0.0.tgz",
      "integrity": "sha512-RdJUflcE3cUzKiMqQgsCu06FPu9UdIJO0beYbPhHN4k6apgJtifcoCtT9bcxOpYBtpD2kCM6Sbzg4CausW/PKQ=="
    },
    "node_modules/json2mq": {
      "version": "0.2.0",
      "resolved": "https://registry.npmjs.org/json2mq/-/json2mq-0.2.0.tgz",
      "integrity": "sha512-SzoRg7ux5DWTII9J2qkrZrqV1gt+rTaoufMxEzXbS26Uid0NwaJd123HcoB80TgubEppxxIGdNxCx50fEoEWQA==",
      "dependencies": {
        "string-convert": "^0.2.0"
      }
    },
    "node_modules/jsonp": {
      "version": "0.2.1",
      "resolved": "https://registry.npmjs.org/jsonp/-/jsonp-0.2.1.tgz",
      "integrity": "sha1-pltPoPEL2nGaBUQep7lMVfPhW64=",
      "dependencies": {
        "debug": "^2.1.3"
      }
    },
    "node_modules/jsonp/node_modules/debug": {
      "version": "2.6.9",
      "resolved": "https://registry.npmjs.org/debug/-/debug-2.6.9.tgz",
      "integrity": "sha512-bC7ElrdJaJnPbAP+1EotYvqZsb3ecl5wi6Bfi6BJTUcNowp6cvspg0jXznRTKDjm/E7AdgFBVeAPVMNcKGsHMA==",
      "dependencies": {
        "ms": "2.0.0"
      }
    },
    "node_modules/jsonp/node_modules/ms": {
      "version": "2.0.0",
      "resolved": "https://registry.npmjs.org/ms/-/ms-2.0.0.tgz",
      "integrity": "sha1-VgiurfwAvmwpAd9fmGF4jeDVl8g="
    },
    "node_modules/lodash.debounce": {
      "version": "4.0.8",
      "resolved": "https://registry.npmjs.org/lodash.debounce/-/lodash.debounce-4.0.8.tgz",
      "integrity": "sha512-FT1yDzDYEoYWhnSGnpE/4Kj1fLZkDFyqRb7fNt6FdYOSxlUWAtp42Eh6Wb0rGIv/m9Bgo7x4GhQbm5Ys4SG5ow=="
    },
    "node_modules/lodash.isfunction": {
      "version": "3.0.9",
      "resolved": "https://registry.npmjs.org/lodash.isfunction/-/lodash.isfunction-3.0.9.tgz",
      "integrity": "sha512-AirXNj15uRIMMPihnkInB4i3NHeb4iBtNg9WRWuK2o31S+ePwwNmDPaTL3o7dTJ+VXNZim7rFs4rxN4YU1oUJw=="
    },
    "node_modules/lodash.isobject": {
      "version": "3.0.2",
      "resolved": "https://registry.npmjs.org/lodash.isobject/-/lodash.isobject-3.0.2.tgz",
      "integrity": "sha1-PI+41bW/S/kK4G4U8qUwpO2TXh0="
    },
    "node_modules/lodash.tonumber": {
      "version": "4.0.3",
      "resolved": "https://registry.npmjs.org/lodash.tonumber/-/lodash.tonumber-4.0.3.tgz",
      "integrity": "sha1-C5azGzVnJ5Prf1pj7nkfG56QJdk="
    },
    "node_modules/loose-envify": {
      "version": "1.4.0",
      "resolved": "https://registry.npmjs.org/loose-envify/-/loose-envify-1.4.0.tgz",
      "integrity": "sha512-lyuxPGr/Wfhrlem2CL/UcnUc1zcqKAImBDzukY7Y5F/yQiNdko6+fRLevlw1HgMySw7f611UIY408EtxRSoK3Q==",
      "dependencies": {
        "js-tokens": "^3.0.0 || ^4.0.0"
      },
      "bin": {
        "loose-envify": "cli.js"
      }
    },
    "node_modules/match-sorter": {
      "version": "2.3.0",
      "resolved": "https://registry.npmjs.org/match-sorter/-/match-sorter-2.3.0.tgz",
      "integrity": "sha512-0/F1ezfjs5vegTvdH0sJEDrIi+w7wvUeDW/yqLMsK6jQWgNNJRv8jYCLBc8QrCxQNpSEpei6vrOcnJwAbnYhkw==",
      "bundleDependencies": [
        "diacritic"
      ],
      "dependencies": {
        "diacritic": "0.0.2"
      }
    },
    "node_modules/match-sorter/node_modules/diacritic": {
      "version": "0.0.2",
      "inBundle": true,
      "license": "MIT"
    },
    "node_modules/memoize-one": {
      "version": "5.1.1",
      "resolved": "https://registry.npmjs.org/memoize-one/-/memoize-one-5.1.1.tgz",
      "integrity": "sha512-HKeeBpWvqiVJD57ZUAsJNm71eHTykffzcLZVYWiVfQeI1rJtuEaS7hQiEpWfVVk18donPwJEcFKIkCmPJNOhHA=="
    },
    "node_modules/moment": {
      "version": "2.29.4",
      "resolved": "https://registry.npmjs.org/moment/-/moment-2.29.4.tgz",
      "integrity": "sha512-5LC9SOxjSc2HF6vO2CyuTDNivEdoz2IvyJJGj6X8DJ0eFyfszE0QiEd+iXmBvUP3WHxSjFH/vIsA0EN00cgr8w==",
      "engines": {
        "node": "*"
      }
    },
    "node_modules/moment-timezone": {
      "version": "0.5.40",
      "resolved": "https://registry.npmjs.org/moment-timezone/-/moment-timezone-0.5.40.tgz",
      "integrity": "sha512-tWfmNkRYmBkPJz5mr9GVDn9vRlVZOTe6yqY92rFxiOdWXbjaR0+9LwQnZGGuNR63X456NqmEkbskte8tWL5ePg==",
      "dependencies": {
        "moment": ">= 2.9.0"
      },
      "engines": {
        "node": "*"
      }
    },
    "node_modules/numeral": {
      "version": "2.0.6",
      "resolved": "https://registry.npmjs.org/numeral/-/numeral-2.0.6.tgz",
      "integrity": "sha1-StCAk21EPCVhrtnyGX7//iX05QY=",
      "engines": {
        "node": "*"
      }
    },
    "node_modules/object-assign": {
      "version": "4.1.1",
      "resolved": "https://registry.npmjs.org/object-assign/-/object-assign-4.1.1.tgz",
      "integrity": "sha1-IQmtx5ZYh8/AXLvUQsrIv7s2CGM=",
      "engines": {
        "node": ">=0.10.0"
      }
    },
    "node_modules/papaparse": {
      "version": "4.6.1",
      "resolved": "https://registry.npmjs.org/papaparse/-/papaparse-4.6.1.tgz",
      "integrity": "sha512-X9Ws5tnEQKRCZRfoojX3KvRZbLY1BbL0wqSHF3CKGmxD8Zr4E0WaipUuFweffkCN8RSQzHKhb/F+ATYdNcz1rg=="
    },
    "node_modules/popper.js": {
      "version": "1.14.4",
      "resolved": "https://registry.npmjs.org/popper.js/-/popper.js-1.14.4.tgz",
      "integrity": "sha1-juwdj/AqWjoVLdQ0FKFce3n9abY=",
      "deprecated": "You can find the new Popper v2 at @popperjs/core, this package is dedicated to the legacy v1"
    },
    "node_modules/prop-types": {
      "version": "15.6.2",
      "resolved": "https://registry.npmjs.org/prop-types/-/prop-types-15.6.2.tgz",
      "integrity": "sha512-3pboPvLiWD7dkI3qf3KbUe6hKFKa52w+AE0VCqECtf+QHAKgOL37tTaNCnuX1nAAQ4ZhyP+kYVKf8rLmJ/feDQ==",
      "dependencies": {
        "loose-envify": "^1.3.1",
        "object-assign": "^4.1.1"
      }
    },
    "node_modules/ramda": {
      "version": "0.25.0",
      "resolved": "https://registry.npmjs.org/ramda/-/ramda-0.25.0.tgz",
      "integrity": "sha512-GXpfrYVPwx3K7RQ6aYT8KPS8XViSXUVJT1ONhoKPE9VAleW42YE+U+8VEyGWt41EnEQW7gwecYJriTI0pKoecQ=="
    },
    "node_modules/react": {
      "version": "16.11.0",
      "resolved": "https://registry.npmjs.org/react/-/react-16.11.0.tgz",
      "integrity": "sha512-M5Y8yITaLmU0ynd0r1Yvfq98Rmll6q8AxaEe88c8e7LxO8fZ2cNgmFt0aGAS9wzf1Ao32NKXtCl+/tVVtkxq6g==",
      "dependencies": {
        "loose-envify": "^1.1.0",
        "object-assign": "^4.1.1",
        "prop-types": "^15.6.2"
      },
      "engines": {
        "node": ">=0.10.0"
      }
    },
    "node_modules/react-calendar-heatmap": {
      "version": "1.8.1",
      "resolved": "https://registry.npmjs.org/react-calendar-heatmap/-/react-calendar-heatmap-1.8.1.tgz",
      "integrity": "sha512-4Hbq/pDMJoCPzZnyIWFfHgokLlLXzKyGsDcMgNhYpi7zcKHcvsK9soLEPvhW2dBBqgDrQOSp/uG4wtifaDg4eQ==",
      "dependencies": {
        "memoize-one": "^5.0.0",
        "prop-types": "^15.6.2"
      },
      "peerDependencies": {
        "react": "^0.14.0 || ^15.0.0 || ^16.0.0"
      }
    },
    "node_modules/react-chartjs": {
      "version": "1.2.0",
      "resolved": "https://registry.npmjs.org/react-chartjs/-/react-chartjs-1.2.0.tgz",
      "integrity": "sha512-Zhc47Jv8DwJwT3R5iyskRWoz5TEP3qloMlC758Oa+4THSxd/Qat4CIE23epY7XHzEuL5m6/hJIjD2iqLcO9rfw==",
      "dependencies": {
        "create-react-class": "^15.6.2"
      },
      "peerDependencies": {
        "chart.js": "^1.1.1",
        "react": "*",
        "react-dom": "*"
      }
    },
    "node_modules/react-dom": {
      "version": "16.11.0",
      "resolved": "https://registry.npmjs.org/react-dom/-/react-dom-16.11.0.tgz",
      "integrity": "sha512-nrRyIUE1e7j8PaXSPtyRKtz+2y9ubW/ghNgqKFHHAHaeP0fpF5uXR+sq8IMRHC+ZUxw7W9NyCDTBtwWxvkb0iA==",
      "dependencies": {
        "loose-envify": "^1.1.0",
        "object-assign": "^4.1.1",
        "prop-types": "^15.6.2",
        "scheduler": "^0.17.0"
      },
      "peerDependencies": {
        "react": "^16.0.0"
      }
    },
    "node_modules/react-file-reader": {
      "version": "1.1.4",
      "resolved": "https://registry.npmjs.org/react-file-reader/-/react-file-reader-1.1.4.tgz",
      "integrity": "sha512-xTeHFrDIopZpzk4aMZyILzIQbytQ6GCKR32/7kBDzO5lrAr1idbK5PkmpjP4wnT9s5F+TALviuhnWk8UeksddA==",
      "dependencies": {
        "prop-types": "^15.5.0",
        "uuid4": "^1.0.0"
      }
    },
    "node_modules/react-heatmap-grid": {
      "version": "0.5.3",
      "resolved": "https://registry.npmjs.org/react-heatmap-grid/-/react-heatmap-grid-0.5.3.tgz",
      "integrity": "sha512-ljvFFSZ9xUWAGm0kIjZQhDk3LSP7s4c3E8ojR7+hYpJ7YgmY7np73gMR5sPiDYayG+cNOOP4EngJpHSYwtxNdg==",
      "peerDependencies": {
        "prop-types": "^15.6.0",
        "react": "^0.14.0 || ^15.4.2 || ^16.2.0",
        "react-dom": "^0.14.0 || ^15.4.2 || ^16.2.0"
      }
    },
    "node_modules/react-intl": {
      "version": "2.9.0",
      "resolved": "https://registry.npmjs.org/react-intl/-/react-intl-2.9.0.tgz",
      "integrity": "sha512-27jnDlb/d2A7mSJwrbOBnUgD+rPep+abmoJE511Tf8BnoONIAUehy/U1zZCHGO17mnOwMWxqN4qC0nW11cD6rA==",
      "dependencies": {
        "hoist-non-react-statics": "^3.3.0",
        "intl-format-cache": "^2.0.5",
        "intl-messageformat": "^2.1.0",
        "intl-relativeformat": "^2.1.0",
        "invariant": "^2.1.1"
      },
      "peerDependencies": {
        "prop-types": "^15.5.4",
        "react": "^0.14.9 || ^15.0.0 || ^16.0.0"
      }
    },
    "node_modules/react-intl-formatted-duration": {
      "version": "2.0.2",
      "resolved": "https://registry.npmjs.org/react-intl-formatted-duration/-/react-intl-formatted-duration-2.0.2.tgz",
      "integrity": "sha512-M2RiEkIA/qaN+VMhiEJcHhBlJFStOHd6PUVM84wi/+FFgu0dgCMeFAl+TGaCYVDdCO4N7UJ/Xg5a0bDdLy5qEg==",
      "peerDependencies": {
        "prop-types": ">= 15.0",
        "react": ">= 15.0",
        "react-intl": ">= 2.0"
      }
    },
    "node_modules/react-is": {
      "version": "16.11.0",
      "resolved": "https://registry.npmjs.org/react-is/-/react-is-16.11.0.tgz",
      "integrity": "sha512-gbBVYR2p8mnriqAwWx9LbuUrShnAuSCNnuPGyc7GJrMVQtPDAh8iLpv7FRuMPFb56KkaVZIYSz1PrjI9q0QPCw=="
    },
    "node_modules/react-lifecycles-compat": {
      "version": "3.0.4",
      "resolved": "https://registry.npmjs.org/react-lifecycles-compat/-/react-lifecycles-compat-3.0.4.tgz",
      "integrity": "sha512-fBASbA6LnOU9dOU2eW7aQ8xmYBSXUIWr+UmF9b1efZBazGNO+rcXT/icdKnYm2pTwcRylVUYwW7H1PHfLekVzA=="
    },
    "node_modules/react-loader": {
      "version": "2.4.5",
      "resolved": "https://registry.npmjs.org/react-loader/-/react-loader-2.4.5.tgz",
      "integrity": "sha1-zT5VHGzQc4wcDxPwc2VPk4KL5ak=",
      "dependencies": {
        "create-react-class": "^15.5.2",
        "prop-types": "^15.5.8",
        "spin.js": "2.x"
      },
      "peerDependencies": {
        "react": "^0.14.0 || ^15.0.0 || ^16.0.0",
        "react-dom": "^0.14.0 || ^15.0.0 || ^16.0.0"
      }
    },
    "node_modules/react-moment": {
      "version": "0.8.4",
      "resolved": "https://registry.npmjs.org/react-moment/-/react-moment-0.8.4.tgz",
      "integrity": "sha512-QhI19OcfhiAn60/O6bMR0w8ApXrPFCjv6+eV0I/P9/AswzjgEAx4L7VxMBCpS/jrythLa12Q9v88req+ys4YpA==",
      "peerDependencies": {
        "moment": "^2.19.1",
        "prop-types": "^15.6.0",
        "react": "^15.6.0 || ^16.0.0"
      }
    },
    "node_modules/react-popper": {
      "version": "0.10.4",
      "resolved": "https://registry.npmjs.org/react-popper/-/react-popper-0.10.4.tgz",
      "integrity": "sha1-rypBXqIike3VBGeNev2opu4ylao=",
      "dependencies": {
        "popper.js": "^1.14.1",
        "prop-types": "^15.6.1"
      },
      "peerDependencies": {
        "react": "0.14.x || ^15.0.0 || ^16.0.0",
        "react-dom": "0.14.x || ^15.0.0 || ^16.0.0"
      }
    },
    "node_modules/react-slick": {
      "version": "0.29.0",
      "resolved": "https://registry.npmjs.org/react-slick/-/react-slick-0.29.0.tgz",
      "integrity": "sha512-TGdOKE+ZkJHHeC4aaoH85m8RnFyWqdqRfAGkhd6dirmATXMZWAxOpTLmw2Ll/jPTQ3eEG7ercFr/sbzdeYCJXA==",
      "dependencies": {
        "classnames": "^2.2.5",
        "enquire.js": "^2.1.6",
        "json2mq": "^0.2.0",
        "lodash.debounce": "^4.0.8",
        "resize-observer-polyfill": "^1.5.0"
      },
      "peerDependencies": {
        "react": "^0.14.0 || ^15.0.1 || ^16.0.0 || ^17.0.0 || ^18.0.0",
        "react-dom": "^0.14.0 || ^15.0.1 || ^16.0.0 || ^17.0.0 || ^18.0.0"
      }
    },
    "node_modules/react-table": {
      "version": "6.10.3",
      "resolved": "https://registry.npmjs.org/react-table/-/react-table-6.10.3.tgz",
      "integrity": "sha512-sVlq2/rxVaQJywGD95+qGiMr/SMHFIFnXdx619BLOWE/Os5FOGtV6pQJNAjZixbQZiOu7dmBO1kME28uxh6wmA==",
      "dependencies": {
        "classnames": "^2.2.5"
      },
      "peerDependencies": {
        "prop-types": "^15.5.0",
        "react": "^15.x.x || ^16.x.x",
        "react-dom": "^15.x.x || ^16.x.x"
      }
    },
    "node_modules/react-tooltip": {
      "version": "3.11.1",
      "resolved": "https://registry.npmjs.org/react-tooltip/-/react-tooltip-3.11.1.tgz",
      "integrity": "sha512-YCMVlEC2KuHIzOQhPplTK5jmBBwoL+PYJJdJKXj7M/h7oevupd/QSVq6z5U7/ehIGXyHsAqvwpdxexDfyQ0o3A==",
      "dependencies": {
        "classnames": "^2.2.5",
        "prop-types": "^15.6.0"
      },
      "engines": {
        "node": ">=4.2.1"
      },
      "peerDependencies": {
        "react": ">=0.14",
        "react-dom": ">=0.14"
      }
    },
    "node_modules/react-transition-group": {
      "version": "2.5.0",
      "resolved": "https://registry.npmjs.org/react-transition-group/-/react-transition-group-2.5.0.tgz",
      "integrity": "sha512-qYB3JBF+9Y4sE4/Mg/9O6WFpdoYjeeYqx0AFb64PTazVy8RPMiE3A47CG9QmM4WJ/mzDiZYslV+Uly6O1Erlgw==",
      "dependencies": {
        "dom-helpers": "^3.3.1",
        "loose-envify": "^1.4.0",
        "prop-types": "^15.6.2",
        "react-lifecycles-compat": "^3.0.4"
      },
      "peerDependencies": {
        "react": ">=15.0.0",
        "react-dom": ">=15.0.0"
      }
    },
    "node_modules/reactstrap": {
      "version": "6.5.0",
      "resolved": "https://registry.npmjs.org/reactstrap/-/reactstrap-6.5.0.tgz",
      "integrity": "sha512-dWb3fB/wBAiQloteKlf+j9Nl2VLe6BMZgTEt6hpeTt0t9TwtkeU+2v2NBYONZaF4FZATfMiIKozhWpc2HmLW1g==",
      "dependencies": {
        "classnames": "^2.2.3",
        "lodash.isfunction": "^3.0.9",
        "lodash.isobject": "^3.0.2",
        "lodash.tonumber": "^4.0.3",
        "prop-types": "^15.5.8",
        "react-lifecycles-compat": "^3.0.4",
        "react-popper": "^0.10.4",
        "react-transition-group": "^2.3.1"
      },
      "peerDependencies": {
        "react": "^16.0.0",
        "react-dom": "^16.0.0"
      }
    },
    "node_modules/resize-observer-polyfill": {
      "version": "1.5.1",
      "resolved": "https://registry.npmjs.org/resize-observer-polyfill/-/resize-observer-polyfill-1.5.1.tgz",
      "integrity": "sha512-LwZrotdHOo12nQuZlHEmtuXdqGoOD0OhaxopaNFxWzInpEgaLWoVuAMbTzixuosCx2nEG58ngzW3vxdWoxIgdg=="
    },
    "node_modules/scheduler": {
      "version": "0.17.0",
      "resolved": "https://registry.npmjs.org/scheduler/-/scheduler-0.17.0.tgz",
      "integrity": "sha512-7rro8Io3tnCPuY4la/NuI5F2yfESpnfZyT6TtkXnSWVkcu0BCDJ+8gk5ozUaFaxpIyNuWAPXrH0yFcSi28fnDA==",
      "dependencies": {
        "loose-envify": "^1.1.0",
        "object-assign": "^4.1.1"
      }
    },
    "node_modules/spin.js": {
      "version": "2.3.2",
      "resolved": "https://registry.npmjs.org/spin.js/-/spin.js-2.3.2.tgz",
      "integrity": "sha1-bKpW1SBnNFD9XPvGlx5tB3LDeho="
    },
    "node_modules/string-convert": {
      "version": "0.2.1",
      "resolved": "https://registry.npmjs.org/string-convert/-/string-convert-0.2.1.tgz",
      "integrity": "sha512-u/1tdPl4yQnPBjnVrmdLo9gtuLvELKsAoRapekWggdiQNvvvum+jYF329d84NAa660KQw7pB2n36KrIKVoXa3A=="
    },
    "node_modules/tslib": {
      "version": "1.9.3",
      "resolved": "https://registry.npmjs.org/tslib/-/tslib-1.9.3.tgz",
      "integrity": "sha512-4krF8scpejhaOgqzBEcGM7yDIEfi0/8+8zDRZhNZZ2kjmHJ4hv3zCbQWxoJGz1iw5U0Jl0nma13xzHXcncMavQ=="
    },
    "node_modules/uuid4": {
      "version": "1.1.4",
      "resolved": "https://registry.npmjs.org/uuid4/-/uuid4-1.1.4.tgz",
      "integrity": "sha512-Gr1q2k40LpF8CokcnQFjPDsdslzJbTCTBG5xQIEflUov431gFkY5KduiGIeKYAamkQnNn4IfdHJbLnl9Bib8TQ=="
    }
  }
}
